
Microsoft Visual Studio Solution File, Format Version 12.00
# Visual Studio Version 17
VisualStudioVersion = 17.6.33829.357
MinimumVisualStudioVersion = 10.0.40219.1
Project("{FAE04EC0-301F-11D3-BF4B-00C04F79EFBC}") = "ExercicioDeFixacao-EstoqueProduto", "ExercicioDeFixacao-EstoqueProduto.csproj", "{9354675E-C986-4A7A-8630-20C975B18A23}"
EndProject
Global
	GlobalSection(SolutionConfigurationPlatforms) = preSolution
		Debug|Any CPU = Debug|Any CPU
		Release|Any CPU = Release|Any CPU
	EndGlobalSection
	GlobalSection(ProjectConfigurationPlatforms) = postSolution
		{9354675E-C986-4A7A-8630-20C975B18A23}.Debug|Any CPU.ActiveCfg = Debug|Any CPU
		{9354675E-C986-4A7A-8630-20C975B18A23}.Debug|Any CPU.Build.0 = Debug|Any CPU
		{9354675E-C986-4A7A-8630-20C975B18A23}.Release|Any CPU.ActiveCfg = Release|Any CPU
		{9354675E-C986-4A7A-8630-20C975B18A23}.Release|Any CPU.Build.0 = Release|Any CPU
	EndGlobalSection
	GlobalSection(SolutionProperties) = preSolution
		HideSolutionNode = FALSE
	EndGlobalSection
	GlobalSection(ExtensibilityGlobals) = postSolution
		SolutionGuid = {E28073EA-339D-4328-80D7-929280325D96}
	EndGlobalSection
EndGlobal
